// !$*UTF8*$!
{
	archiveVersion = 1;
	classes = {
	};
	objectVersion = 46;
	objects = {

/* Begin PBXBuildFile section */
		47373CC61853FC030051E619 /* Foundation.framework in Frameworks */ = {isa = PBXBuildFile; fileRef = 47373CC51853FC030051E619 /* Foundation.framework */; };
		47373CC81853FC030051E619 /* CoreGraphics.framework in Frameworks */ = {isa = PBXBuildFile; fileRef = 47373CC71853FC030051E619 /* CoreGraphics.framework */; };
		47373CCA1853FC030051E619 /* UIKit.framework in Frameworks */ = {isa = PBXBuildFile; fileRef = 47373CC91853FC030051E619 /* UIKit.framework */; };
		47373CD01853FC030051E619 /* InfoPlist.strings in Resources */ = {isa = PBXBuildFile; fileRef = 47373CCE1853FC030051E619 /* InfoPlist.strings */; };
		47373CD21853FC030051E619 /* main.m in Sources */ = {isa = PBXBuildFile; fileRef = 47373CD11853FC030051E619 /* main.m */; };
		47373CD61853FC030051E619 /* HHAppDelegate.m in Sources */ = {isa = PBXBuildFile; fileRef = 47373CD51853FC030051E619 /* HHAppDelegate.m */; };
		47373CD91853FC030051E619 /* Main_iPhone.storyboard in Resources */ = {isa = PBXBuildFile; fileRef = 47373CD71853FC030051E619 /* Main_iPhone.storyboard */; };
		47373CDC1853FC030051E619 /* Main_iPad.storyboard in Resources */ = {isa = PBXBuildFile; fileRef = 47373CDA1853FC030051E619 /* Main_iPad.storyboard */; };
		47373CDF1853FC030051E619 /* HHMasterViewController.m in Sources */ = {isa = PBXBuildFile; fileRef = 47373CDE1853FC030051E619 /* HHMasterViewController.m */; };
		47373CE21853FC030051E619 /* HHDetailViewController.m in Sources */ = {isa = PBXBuildFile; fileRef = 47373CE11853FC030051E619 /* HHDetailViewController.m */; };
		47373CE41853FC030051E619 /* Images.xcassets in Resources */ = {isa = PBXBuildFile; fileRef = 47373CE31853FC030051E619 /* Images.xcassets */; };
		47373CEB1853FC030051E619 /* XCTest.framework in Frameworks */ = {isa = PBXBuildFile; fileRef = 47373CEA1853FC030051E619 /* XCTest.framework */; };
		47373CEC1853FC030051E619 /* Foundation.framework in Frameworks */ = {isa = PBXBuildFile; fileRef = 47373CC51853FC030051E619 /* Foundation.framework */; };
		47373CED1853FC030051E619 /* UIKit.framework in Frameworks */ = {isa = PBXBuildFile; fileRef = 47373CC91853FC030051E619 /* UIKit.framework */; };
		47373CF51853FC030051E619 /* InfoPlist.strings in Resources */ = {isa = PBXBuildFile; fileRef = 47373CF31853FC030051E619 /* InfoPlist.strings */; };
		47373CF71853FC030051E619 /* HelperTests.m in Sources */ = {isa = PBXBuildFile; fileRef = 47373CF61853FC030051E619 /* HelperTests.m */; };
		47373D021853FC740051E619 /* HHSplashViewController.m in Sources */ = {isa = PBXBuildFile; fileRef = 47373D011853FC740051E619 /* HHSplashViewController.m */; };
		47373D051853FCB80051E619 /* HHLoginViewController.m in Sources */ = {isa = PBXBuildFile; fileRef = 47373D041853FCB80051E619 /* HHLoginViewController.m */; };
		47373D081853FCD80051E619 /* HHGoalViewController.m in Sources */ = {isa = PBXBuildFile; fileRef = 47373D071853FCD80051E619 /* HHGoalViewController.m */; };
		47373D0B1853FCF50051E619 /* HHLearnViewController.m in Sources */ = {isa = PBXBuildFile; fileRef = 47373D0A1853FCF50051E619 /* HHLearnViewController.m */; };
		47373D141853FD540051E619 /* TopNavBar.png in Resources */ = {isa = PBXBuildFile; fileRef = 47373D0D1853FD540051E619 /* TopNavBar.png */; };
		47373D151853FD540051E619 /* Screen4BG.png in Resources */ = {isa = PBXBuildFile; fileRef = 47373D0E1853FD540051E619 /* Screen4BG.png */; };
		47373D161853FD540051E619 /* HHSplash.png in Resources */ = {isa = PBXBuildFile; fileRef = 47373D0F1853FD540051E619 /* HHSplash.png */; };
		47373D171853FD540051E619 /* Screen2HelpQuestion.png in Resources */ = {isa = PBXBuildFile; fileRef = 47373D101853FD540051E619 /* Screen2HelpQuestion.png */; };
		47373D181853FD540051E619 /* HHLogo.png in Resources */ = {isa = PBXBuildFile; fileRef = 47373D111853FD540051E619 /* HHLogo.png */; };
		47373D191853FD540051E619 /* TwitterButton.png in Resources */ = {isa = PBXBuildFile; fileRef = 47373D121853FD540051E619 /* TwitterButton.png */; };
		47373D1A1853FD540051E619 /* OrangeBackground.png in Resources */ = {isa = PBXBuildFile; fileRef = 47373D131853FD540051E619 /* OrangeBackground.png */; };
		522E75FA18540257001EAB28 /* Checked.png in Resources */ = {isa = PBXBuildFile; fileRef = 522E75E718540257001EAB28 /* Checked.png */; };
		522E75FB18540257001EAB28 /* MarketplaceIcon.png in Resources */ = {isa = PBXBuildFile; fileRef = 522E75E818540257001EAB28 /* MarketplaceIcon.png */; };
		522E75FC18540257001EAB28 /* NotebookImageItemCell.m in Sources */ = {isa = PBXBuildFile; fileRef = 522E75EA18540257001EAB28 /* NotebookImageItemCell.m */; };
		522E75FD18540257001EAB28 /* NotebookImageItemCell.xib in Resources */ = {isa = PBXBuildFile; fileRef = 522E75EB18540257001EAB28 /* NotebookImageItemCell.xib */; };
		522E75FE18540257001EAB28 /* NotebookList.xib in Resources */ = {isa = PBXBuildFile; fileRef = 522E75EC18540257001EAB28 /* NotebookList.xib */; };
		522E75FF18540257001EAB28 /* NotebookListHeader.m in Sources */ = {isa = PBXBuildFile; fileRef = 522E75EE18540257001EAB28 /* NotebookListHeader.m */; };
		522E760018540257001EAB28 /* NotebookListTableVC.m in Sources */ = {isa = PBXBuildFile; fileRef = 522E75F018540257001EAB28 /* NotebookListTableVC.m */; };
		522E760118540257001EAB28 /* NotebookListVC.m in Sources */ = {isa = PBXBuildFile; fileRef = 522E75F218540257001EAB28 /* NotebookListVC.m */; };
		522E760218540257001EAB28 /* NotebookListVC.xib in Resources */ = {isa = PBXBuildFile; fileRef = 522E75F318540257001EAB28 /* NotebookListVC.xib */; };
		522E760318540257001EAB28 /* NotebookTable.m in Sources */ = {isa = PBXBuildFile; fileRef = 522E75F518540257001EAB28 /* NotebookTable.m */; };
		522E760418540257001EAB28 /* NotebookTextItemCell.m in Sources */ = {isa = PBXBuildFile; fileRef = 522E75F718540257001EAB28 /* NotebookTextItemCell.m */; };
		522E760518540257001EAB28 /* NotebookTextItemCell.xib in Resources */ = {isa = PBXBuildFile; fileRef = 522E75F818540257001EAB28 /* NotebookTextItemCell.xib */; };
		522E760618540257001EAB28 /* Unchecked.png in Resources */ = {isa = PBXBuildFile; fileRef = 522E75F918540257001EAB28 /* Unchecked.png */; };
		522E761C1854031A001EAB28 /* AnnouncementCell.m in Sources */ = {isa = PBXBuildFile; fileRef = 522E76081854031A001EAB28 /* AnnouncementCell.m */; };
		522E761D1854031A001EAB28 /* AnnouncementCell.xib in Resources */ = {isa = PBXBuildFile; fileRef = 522E76091854031A001EAB28 /* AnnouncementCell.xib */; };
		522E761E1854031A001EAB28 /* BankIcon.png in Resources */ = {isa = PBXBuildFile; fileRef = 522E760A1854031A001EAB28 /* BankIcon.png */; };
		522E761F1854031A001EAB28 /* BottomNavBar.png in Resources */ = {isa = PBXBuildFile; fileRef = 522E760B1854031A001EAB28 /* BottomNavBar.png */; };
		522E76201854031A001EAB28 /* BottomNavBar320.png in Resources */ = {isa = PBXBuildFile; fileRef = 522E760C1854031A001EAB28 /* BottomNavBar320.png */; };
		522E76211854031A001EAB28 /* HatLogo.png in Resources */ = {isa = PBXBuildFile; fileRef = 522E760D1854031A001EAB28 /* HatLogo.png */; };
		522E76221854031A001EAB28 /* HHIconforNewsFeed.png in Resources */ = {isa = PBXBuildFile; fileRef = 522E760E1854031A001EAB28 /* HHIconforNewsFeed.png */; };
		522E76231854031A001EAB28 /* HHLogo.png in Resources */ = {isa = PBXBuildFile; fileRef = 522E760F1854031A001EAB28 /* HHLogo.png */; };
		522E76241854031A001EAB28 /* HHSplash.png in Resources */ = {isa = PBXBuildFile; fileRef = 522E76101854031A001EAB28 /* HHSplash.png */; };
		522E76251854031A001EAB28 /* JinyaIcon.png in Resources */ = {isa = PBXBuildFile; fileRef = 522E76111854031A001EAB28 /* JinyaIcon.png */; };
		522E76261854031A001EAB28 /* ListVC.m in Sources */ = {isa = PBXBuildFile; fileRef = 522E76131854031A001EAB28 /* ListVC.m */; };
		522E76271854031A001EAB28 /* ListVC.xib in Resources */ = {isa = PBXBuildFile; fileRef = 522E76141854031A001EAB28 /* ListVC.xib */; };
		522E76281854031A001EAB28 /* NewsCell.m in Sources */ = {isa = PBXBuildFile; fileRef = 522E76161854031A001EAB28 /* NewsCell.m */; };
		522E76291854031A001EAB28 /* NewsCell.xib in Resources */ = {isa = PBXBuildFile; fileRef = 522E76171854031A001EAB28 /* NewsCell.xib */; };
		522E762A1854031A001EAB28 /* NotebookIcon.png in Resources */ = {isa = PBXBuildFile; fileRef = 522E76181854031A001EAB28 /* NotebookIcon.png */; };
		522E762B1854031A001EAB28 /* TopNavBar.png in Resources */ = {isa = PBXBuildFile; fileRef = 522E76191854031A001EAB28 /* TopNavBar.png */; };
		522E762C1854031A001EAB28 /* TopNavBarLeft.png in Resources */ = {isa = PBXBuildFile; fileRef = 522E761A1854031A001EAB28 /* TopNavBarLeft.png */; };
		522E762D1854031A001EAB28 /* TopNavBarRight.png in Resources */ = {isa = PBXBuildFile; fileRef = 522E761B1854031A001EAB28 /* TopNavBarRight.png */; };
		522E763018540389001EAB28 /* TaskItem.m in Sources */ = {isa = PBXBuildFile; fileRef = 522E762F18540389001EAB28 /* TaskItem.m */; };
/* End PBXBuildFile section */

/* Begin PBXContainerItemProxy section */
		47373CEE1853FC030051E619 /* PBXContainerItemProxy */ = {
			isa = PBXContainerItemProxy;
			containerPortal = 47373CBA1853FC030051E619 /* Project object */;
			proxyType = 1;
			remoteGlobalIDString = 47373CC11853FC030051E619;
			remoteInfo = Helper;
		};
/* End PBXContainerItemProxy section */

/* Begin PBXFileReference section */
		47373CC21853FC030051E619 /* Helper.app */ = {isa = PBXFileReference; explicitFileType = wrapper.application; includeInIndex = 0; path = Helper.app; sourceTree = BUILT_PRODUCTS_DIR; };
		47373CC51853FC030051E619 /* Foundation.framework */ = {isa = PBXFileReference; lastKnownFileType = wrapper.framework; name = Foundation.framework; path = System/Library/Frameworks/Foundation.framework; sourceTree = SDKROOT; };
		47373CC71853FC030051E619 /* CoreGraphics.framework */ = {isa = PBXFileReference; lastKnownFileType = wrapper.framework; name = CoreGraphics.framework; path = System/Library/Frameworks/CoreGraphics.framework; sourceTree = SDKROOT; };
		47373CC91853FC030051E619 /* UIKit.framework */ = {isa = PBXFileReference; lastKnownFileType = wrapper.framework; name = UIKit.framework; path = System/Library/Frameworks/UIKit.framework; sourceTree = SDKROOT; };
		47373CCD1853FC030051E619 /* Helper-Info.plist */ = {isa = PBXFileReference; lastKnownFileType = text.plist.xml; path = "Helper-Info.plist"; sourceTree = "<group>"; };
		47373CCF1853FC030051E619 /* en */ = {isa = PBXFileReference; lastKnownFileType = text.plist.strings; name = en; path = en.lproj/InfoPlist.strings; sourceTree = "<group>"; };
		47373CD11853FC030051E619 /* main.m */ = {isa = PBXFileReference; lastKnownFileType = sourcecode.c.objc; path = main.m; sourceTree = "<group>"; };
		47373CD31853FC030051E619 /* Helper-Prefix.pch */ = {isa = PBXFileReference; lastKnownFileType = sourcecode.c.h; path = "Helper-Prefix.pch"; sourceTree = "<group>"; };
		47373CD41853FC030051E619 /* HHAppDelegate.h */ = {isa = PBXFileReference; lastKnownFileType = sourcecode.c.h; path = HHAppDelegate.h; sourceTree = "<group>"; };
		47373CD51853FC030051E619 /* HHAppDelegate.m */ = {isa = PBXFileReference; lastKnownFileType = sourcecode.c.objc; path = HHAppDelegate.m; sourceTree = "<group>"; };
		47373CD81853FC030051E619 /* Base */ = {isa = PBXFileReference; lastKnownFileType = file.storyboard; name = Base; path = Base.lproj/Main_iPhone.storyboard; sourceTree = "<group>"; };
		47373CDB1853FC030051E619 /* Base */ = {isa = PBXFileReference; lastKnownFileType = file.storyboard; name = Base; path = Base.lproj/Main_iPad.storyboard; sourceTree = "<group>"; };
		47373CDD1853FC030051E619 /* HHMasterViewController.h */ = {isa = PBXFileReference; lastKnownFileType = sourcecode.c.h; path = HHMasterViewController.h; sourceTree = "<group>"; };
		47373CDE1853FC030051E619 /* HHMasterViewController.m */ = {isa = PBXFileReference; lastKnownFileType = sourcecode.c.objc; path = HHMasterViewController.m; sourceTree = "<group>"; };
		47373CE01853FC030051E619 /* HHDetailViewController.h */ = {isa = PBXFileReference; lastKnownFileType = sourcecode.c.h; path = HHDetailViewController.h; sourceTree = "<group>"; };
		47373CE11853FC030051E619 /* HHDetailViewController.m */ = {isa = PBXFileReference; lastKnownFileType = sourcecode.c.objc; path = HHDetailViewController.m; sourceTree = "<group>"; };
		47373CE31853FC030051E619 /* Images.xcassets */ = {isa = PBXFileReference; lastKnownFileType = folder.assetcatalog; path = Images.xcassets; sourceTree = "<group>"; };
		47373CE91853FC030051E619 /* HelperTests.xctest */ = {isa = PBXFileReference; explicitFileType = wrapper.cfbundle; includeInIndex = 0; path = HelperTests.xctest; sourceTree = BUILT_PRODUCTS_DIR; };
		47373CEA1853FC030051E619 /* XCTest.framework */ = {isa = PBXFileReference; lastKnownFileType = wrapper.framework; name = XCTest.framework; path = Library/Frameworks/XCTest.framework; sourceTree = DEVELOPER_DIR; };
		47373CF21853FC030051E619 /* HelperTests-Info.plist */ = {isa = PBXFileReference; lastKnownFileType = text.plist.xml; path = "HelperTests-Info.plist"; sourceTree = "<group>"; };
		47373CF41853FC030051E619 /* en */ = {isa = PBXFileReference; lastKnownFileType = text.plist.strings; name = en; path = en.lproj/InfoPlist.strings; sourceTree = "<group>"; };
		47373CF61853FC030051E619 /* HelperTests.m */ = {isa = PBXFileReference; lastKnownFileType = sourcecode.c.objc; path = HelperTests.m; sourceTree = "<group>"; };
		47373D001853FC740051E619 /* HHSplashViewController.h */ = {isa = PBXFileReference; fileEncoding = 4; lastKnownFileType = sourcecode.c.h; path = HHSplashViewController.h; sourceTree = "<group>"; };
		47373D011853FC740051E619 /* HHSplashViewController.m */ = {isa = PBXFileReference; fileEncoding = 4; lastKnownFileType = sourcecode.c.objc; path = HHSplashViewController.m; sourceTree = "<group>"; };
		47373D031853FCB80051E619 /* HHLoginViewController.h */ = {isa = PBXFileReference; fileEncoding = 4; lastKnownFileType = sourcecode.c.h; path = HHLoginViewController.h; sourceTree = "<group>"; };
		47373D041853FCB80051E619 /* HHLoginViewController.m */ = {isa = PBXFileReference; fileEncoding = 4; lastKnownFileType = sourcecode.c.objc; path = HHLoginViewController.m; sourceTree = "<group>"; };
		47373D061853FCD80051E619 /* HHGoalViewController.h */ = {isa = PBXFileReference; fileEncoding = 4; lastKnownFileType = sourcecode.c.h; path = HHGoalViewController.h; sourceTree = "<group>"; };
		47373D071853FCD80051E619 /* HHGoalViewController.m */ = {isa = PBXFileReference; fileEncoding = 4; lastKnownFileType = sourcecode.c.objc; path = HHGoalViewController.m; sourceTree = "<group>"; };
		47373D091853FCF50051E619 /* HHLearnViewController.h */ = {isa = PBXFileReference; fileEncoding = 4; lastKnownFileType = sourcecode.c.h; path = HHLearnViewController.h; sourceTree = "<group>"; };
		47373D0A1853FCF50051E619 /* HHLearnViewController.m */ = {isa = PBXFileReference; fileEncoding = 4; lastKnownFileType = sourcecode.c.objc; path = HHLearnViewController.m; sourceTree = "<group>"; };
		47373D0D1853FD540051E619 /* TopNavBar.png */ = {isa = PBXFileReference; lastKnownFileType = image.png; path = TopNavBar.png; sourceTree = "<group>"; };
		47373D0E1853FD540051E619 /* Screen4BG.png */ = {isa = PBXFileReference; lastKnownFileType = image.png; path = Screen4BG.png; sourceTree = "<group>"; };
		47373D0F1853FD540051E619 /* HHSplash.png */ = {isa = PBXFileReference; lastKnownFileType = image.png; path = HHSplash.png; sourceTree = "<group>"; };
		47373D101853FD540051E619 /* Screen2HelpQuestion.png */ = {isa = PBXFileReference; lastKnownFileType = image.png; path = Screen2HelpQuestion.png; sourceTree = "<group>"; };
		47373D111853FD540051E619 /* HHLogo.png */ = {isa = PBXFileReference; lastKnownFileType = image.png; path = HHLogo.png; sourceTree = "<group>"; };
		47373D121853FD540051E619 /* TwitterButton.png */ = {isa = PBXFileReference; lastKnownFileType = image.png; path = TwitterButton.png; sourceTree = "<group>"; };
		47373D131853FD540051E619 /* OrangeBackground.png */ = {isa = PBXFileReference; lastKnownFileType = image.png; path = OrangeBackground.png; sourceTree = "<group>"; };
		522E75E718540257001EAB28 /* Checked.png */ = {isa = PBXFileReference; lastKnownFileType = image.png; name = Checked.png; path = ../Checked.png; sourceTree = "<group>"; };
		522E75E818540257001EAB28 /* MarketplaceIcon.png */ = {isa = PBXFileReference; lastKnownFileType = image.png; name = MarketplaceIcon.png; path = ../MarketplaceIcon.png; sourceTree = "<group>"; };
		522E75E918540257001EAB28 /* NotebookImageItemCell.h */ = {isa = PBXFileReference; fileEncoding = 4; lastKnownFileType = sourcecode.c.h; name = NotebookImageItemCell.h; path = ../NotebookImageItemCell.h; sourceTree = "<group>"; };
		522E75EA18540257001EAB28 /* NotebookImageItemCell.m */ = {isa = PBXFileReference; fileEncoding = 4; lastKnownFileType = sourcecode.c.objc; name = NotebookImageItemCell.m; path = ../NotebookImageItemCell.m; sourceTree = "<group>"; };
		522E75EB18540257001EAB28 /* NotebookImageItemCell.xib */ = {isa = PBXFileReference; fileEncoding = 4; lastKnownFileType = file.xib; name = NotebookImageItemCell.xib; path = ../NotebookImageItemCell.xib; sourceTree = "<group>"; };
		522E75EC18540257001EAB28 /* NotebookList.xib */ = {isa = PBXFileReference; fileEncoding = 4; lastKnownFileType = file.xib; name = NotebookList.xib; path = ../NotebookList.xib; sourceTree = "<group>"; };
		522E75ED18540257001EAB28 /* NotebookListHeader.h */ = {isa = PBXFileReference; fileEncoding = 4; lastKnownFileType = sourcecode.c.h; name = NotebookListHeader.h; path = ../NotebookListHeader.h; sourceTree = "<group>"; };
		522E75EE18540257001EAB28 /* NotebookListHeader.m */ = {isa = PBXFileReference; fileEncoding = 4; lastKnownFileType = sourcecode.c.objc; name = NotebookListHeader.m; path = ../NotebookListHeader.m; sourceTree = "<group>"; };
		522E75EF18540257001EAB28 /* NotebookListTableVC.h */ = {isa = PBXFileReference; fileEncoding = 4; lastKnownFileType = sourcecode.c.h; name = NotebookListTableVC.h; path = ../NotebookListTableVC.h; sourceTree = "<group>"; };
		522E75F018540257001EAB28 /* NotebookListTableVC.m */ = {isa = PBXFileReference; fileEncoding = 4; lastKnownFileType = sourcecode.c.objc; name = NotebookListTableVC.m; path = ../NotebookListTableVC.m; sourceTree = "<group>"; };
		522E75F118540257001EAB28 /* NotebookListVC.h */ = {isa = PBXFileReference; fileEncoding = 4; lastKnownFileType = sourcecode.c.h; name = NotebookListVC.h; path = ../NotebookListVC.h; sourceTree = "<group>"; };
		522E75F218540257001EAB28 /* NotebookListVC.m */ = {isa = PBXFileReference; fileEncoding = 4; lastKnownFileType = sourcecode.c.objc; name = NotebookListVC.m; path = ../NotebookListVC.m; sourceTree = "<group>"; };
		522E75F318540257001EAB28 /* NotebookListVC.xib */ = {isa = PBXFileReference; fileEncoding = 4; lastKnownFileType = file.xib; name = NotebookListVC.xib; path = ../NotebookListVC.xib; sourceTree = "<group>"; };
		522E75F418540257001EAB28 /* NotebookTable.h */ = {isa = PBXFileReference; fileEncoding = 4; lastKnownFileType = sourcecode.c.h; name = NotebookTable.h; path = ../NotebookTable.h; sourceTree = "<group>"; };
		522E75F518540257001EAB28 /* NotebookTable.m */ = {isa = PBXFileReference; fileEncoding = 4; lastKnownFileType = sourcecode.c.objc; name = NotebookTable.m; path = ../NotebookTable.m; sourceTree = "<group>"; };
		522E75F618540257001EAB28 /* NotebookTextItemCell.h */ = {isa = PBXFileReference; fileEncoding = 4; lastKnownFileType = sourcecode.c.h; name = NotebookTextItemCell.h; path = ../NotebookTextItemCell.h; sourceTree = "<group>"; };
		522E75F718540257001EAB28 /* NotebookTextItemCell.m */ = {isa = PBXFileReference; fileEncoding = 4; lastKnownFileType = sourcecode.c.objc; name = NotebookTextItemCell.m; path = ../NotebookTextItemCell.m; sourceTree = "<group>"; };
		522E75F818540257001EAB28 /* NotebookTextItemCell.xib */ = {isa = PBXFileReference; fileEncoding = 4; lastKnownFileType = file.xib; name = NotebookTextItemCell.xib; path = ../NotebookTextItemCell.xib; sourceTree = "<group>"; };
		522E75F918540257001EAB28 /* Unchecked.png */ = {isa = PBXFileReference; lastKnownFileType = image.png; name = Unchecked.png; path = ../Unchecked.png; sourceTree = "<group>"; };
		522E76071854031A001EAB28 /* AnnouncementCell.h */ = {isa = PBXFileReference; fileEncoding = 4; lastKnownFileType = sourcecode.c.h; name = AnnouncementCell.h; path = ../AnnouncementCell.h; sourceTree = "<group>"; };
		522E76081854031A001EAB28 /* AnnouncementCell.m */ = {isa = PBXFileReference; fileEncoding = 4; lastKnownFileType = sourcecode.c.objc; name = AnnouncementCell.m; path = ../AnnouncementCell.m; sourceTree = "<group>"; };
		522E76091854031A001EAB28 /* AnnouncementCell.xib */ = {isa = PBXFileReference; fileEncoding = 4; lastKnownFileType = file.xib; name = AnnouncementCell.xib; path = ../AnnouncementCell.xib; sourceTree = "<group>"; };
		522E760A1854031A001EAB28 /* BankIcon.png */ = {isa = PBXFileReference; lastKnownFileType = image.png; name = BankIcon.png; path = ../BankIcon.png; sourceTree = "<group>"; };
		522E760B1854031A001EAB28 /* BottomNavBar.png */ = {isa = PBXFileReference; lastKnownFileType = image.png; name = BottomNavBar.png; path = ../BottomNavBar.png; sourceTree = "<group>"; };
		522E760C1854031A001EAB28 /* BottomNavBar320.png */ = {isa = PBXFileReference; lastKnownFileType = image.png; name = BottomNavBar320.png; path = ../BottomNavBar320.png; sourceTree = "<group>"; };
		522E760D1854031A001EAB28 /* HatLogo.png */ = {isa = PBXFileReference; lastKnownFileType = image.png; name = HatLogo.png; path = ../HatLogo.png; sourceTree = "<group>"; };
		522E760E1854031A001EAB28 /* HHIconforNewsFeed.png */ = {isa = PBXFileReference; lastKnownFileType = image.png; name = HHIconforNewsFeed.png; path = ../HHIconforNewsFeed.png; sourceTree = "<group>"; };
		522E760F1854031A001EAB28 /* HHLogo.png */ = {isa = PBXFileReference; lastKnownFileType = image.png; name = HHLogo.png; path = ../HHLogo.png; sourceTree = "<group>"; };
		522E76101854031A001EAB28 /* HHSplash.png */ = {isa = PBXFileReference; lastKnownFileType = image.png; name = HHSplash.png; path = ../HHSplash.png; sourceTree = "<group>"; };
		522E76111854031A001EAB28 /* JinyaIcon.png */ = {isa = PBXFileReference; lastKnownFileType = image.png; name = JinyaIcon.png; path = ../JinyaIcon.png; sourceTree = "<group>"; };
		522E76121854031A001EAB28 /* ListVC.h */ = {isa = PBXFileReference; fileEncoding = 4; lastKnownFileType = sourcecode.c.h; name = ListVC.h; path = ../ListVC.h; sourceTree = "<group>"; };
		522E76131854031A001EAB28 /* ListVC.m */ = {isa = PBXFileReference; fileEncoding = 4; lastKnownFileType = sourcecode.c.objc; name = ListVC.m; path = ../ListVC.m; sourceTree = "<group>"; };
		522E76141854031A001EAB28 /* ListVC.xib */ = {isa = PBXFileReference; fileEncoding = 4; lastKnownFileType = file.xib; name = ListVC.xib; path = ../ListVC.xib; sourceTree = "<group>"; };
		522E76151854031A001EAB28 /* NewsCell.h */ = {isa = PBXFileReference; fileEncoding = 4; lastKnownFileType = sourcecode.c.h; name = NewsCell.h; path = ../NewsCell.h; sourceTree = "<group>"; };
		522E76161854031A001EAB28 /* NewsCell.m */ = {isa = PBXFileReference; fileEncoding = 4; lastKnownFileType = sourcecode.c.objc; name = NewsCell.m; path = ../NewsCell.m; sourceTree = "<group>"; };
		522E76171854031A001EAB28 /* NewsCell.xib */ = {isa = PBXFileReference; fileEncoding = 4; lastKnownFileType = file.xib; name = NewsCell.xib; path = ../NewsCell.xib; sourceTree = "<group>"; };
		522E76181854031A001EAB28 /* NotebookIcon.png */ = {isa = PBXFileReference; lastKnownFileType = image.png; name = NotebookIcon.png; path = ../NotebookIcon.png; sourceTree = "<group>"; };
		522E76191854031A001EAB28 /* TopNavBar.png */ = {isa = PBXFileReference; lastKnownFileType = image.png; name = TopNavBar.png; path = ../TopNavBar.png; sourceTree = "<group>"; };
		522E761A1854031A001EAB28 /* TopNavBarLeft.png */ = {isa = PBXFileReference; lastKnownFileType = image.png; name = TopNavBarLeft.png; path = ../TopNavBarLeft.png; sourceTree = "<group>"; };
		522E761B1854031A001EAB28 /* TopNavBarRight.png */ = {isa = PBXFileReference; lastKnownFileType = image.png; name = TopNavBarRight.png; path = ../TopNavBarRight.png; sourceTree = "<group>"; };
		522E762E18540389001EAB28 /* TaskItem.h */ = {isa = PBXFileReference; fileEncoding = 4; lastKnownFileType = sourcecode.c.h; name = TaskItem.h; path = ../TaskItem.h; sourceTree = "<group>"; };
		522E762F18540389001EAB28 /* TaskItem.m */ = {isa = PBXFileReference; fileEncoding = 4; lastKnownFileType = sourcecode.c.objc; name = TaskItem.m; path = ../TaskItem.m; sourceTree = "<group>"; };
/* End PBXFileReference section */

/* Begin PBXFrameworksBuildPhase section */
		47373CBF1853FC030051E619 /* Frameworks */ = {
			isa = PBXFrameworksBuildPhase;
			buildActionMask = 2147483647;
			files = (
				47373CC81853FC030051E619 /* CoreGraphics.framework in Frameworks */,
				47373CCA1853FC030051E619 /* UIKit.framework in Frameworks */,
				47373CC61853FC030051E619 /* Foundation.framework in Frameworks */,
			);
			runOnlyForDeploymentPostprocessing = 0;
		};
		47373CE61853FC030051E619 /* Frameworks */ = {
			isa = PBXFrameworksBuildPhase;
			buildActionMask = 2147483647;
			files = (
				47373CEB1853FC030051E619 /* XCTest.framework in Frameworks */,
				47373CED1853FC030051E619 /* UIKit.framework in Frameworks */,
				47373CEC1853FC030051E619 /* Foundation.framework in Frameworks */,
			);
			runOnlyForDeploymentPostprocessing = 0;
		};
/* End PBXFrameworksBuildPhase section */

/* Begin PBXGroup section */
		47373CB91853FC030051E619 = {
			isa = PBXGroup;
			children = (
				47373CCB1853FC030051E619 /* Helper */,
				47373CF01853FC030051E619 /* HelperTests */,
				47373CC41853FC030051E619 /* Frameworks */,
				47373CC31853FC030051E619 /* Products */,
			);
			sourceTree = "<group>";
		};
		47373CC31853FC030051E619 /* Products */ = {
			isa = PBXGroup;
			children = (
				47373CC21853FC030051E619 /* Helper.app */,
				47373CE91853FC030051E619 /* HelperTests.xctest */,
			);
			name = Products;
			sourceTree = "<group>";
		};
		47373CC41853FC030051E619 /* Frameworks */ = {
			isa = PBXGroup;
			children = (
				47373CC51853FC030051E619 /* Foundation.framework */,
				47373CC71853FC030051E619 /* CoreGraphics.framework */,
				47373CC91853FC030051E619 /* UIKit.framework */,
				47373CEA1853FC030051E619 /* XCTest.framework */,
			);
			name = Frameworks;
			sourceTree = "<group>";
		};
		47373CCB1853FC030051E619 /* Helper */ = {
			isa = PBXGroup;
			children = (
				522E762E18540389001EAB28 /* TaskItem.h */,
				522E762F18540389001EAB28 /* TaskItem.m */,
				522E76101854031A001EAB28 /* HHSplash.png */,
				522E76071854031A001EAB28 /* AnnouncementCell.h */,
				522E76081854031A001EAB28 /* AnnouncementCell.m */,
				522E76091854031A001EAB28 /* AnnouncementCell.xib */,
				522E760A1854031A001EAB28 /* BankIcon.png */,
				522E760B1854031A001EAB28 /* BottomNavBar.png */,
				522E760C1854031A001EAB28 /* BottomNavBar320.png */,
				522E760D1854031A001EAB28 /* HatLogo.png */,
				522E760E1854031A001EAB28 /* HHIconforNewsFeed.png */,
				522E760F1854031A001EAB28 /* HHLogo.png */,
				522E76111854031A001EAB28 /* JinyaIcon.png */,
				522E76121854031A001EAB28 /* ListVC.h */,
				522E76131854031A001EAB28 /* ListVC.m */,
				522E76141854031A001EAB28 /* ListVC.xib */,
				522E76151854031A001EAB28 /* NewsCell.h */,
				522E76161854031A001EAB28 /* NewsCell.m */,
				522E76171854031A001EAB28 /* NewsCell.xib */,
				522E76181854031A001EAB28 /* NotebookIcon.png */,
				522E76191854031A001EAB28 /* TopNavBar.png */,
				522E761A1854031A001EAB28 /* TopNavBarLeft.png */,
				522E761B1854031A001EAB28 /* TopNavBarRight.png */,
				522E75E718540257001EAB28 /* Checked.png */,
				522E75E818540257001EAB28 /* MarketplaceIcon.png */,
				522E75E918540257001EAB28 /* NotebookImageItemCell.h */,
				522E75EA18540257001EAB28 /* NotebookImageItemCell.m */,
				522E75EB18540257001EAB28 /* NotebookImageItemCell.xib */,
				522E75EC18540257001EAB28 /* NotebookList.xib */,
				522E75ED18540257001EAB28 /* NotebookListHeader.h */,
				522E75EE18540257001EAB28 /* NotebookListHeader.m */,
				522E75EF18540257001EAB28 /* NotebookListTableVC.h */,
				522E75F018540257001EAB28 /* NotebookListTableVC.m */,
				522E75F118540257001EAB28 /* NotebookListVC.h */,
				522E75F218540257001EAB28 /* NotebookListVC.m */,
				522E75F318540257001EAB28 /* NotebookListVC.xib */,
				522E75F418540257001EAB28 /* NotebookTable.h */,
				522E75F518540257001EAB28 /* NotebookTable.m */,
				522E75F618540257001EAB28 /* NotebookTextItemCell.h */,
				522E75F718540257001EAB28 /* NotebookTextItemCell.m */,
				522E75F818540257001EAB28 /* NotebookTextItemCell.xib */,
				522E75F918540257001EAB28 /* Unchecked.png */,
				47373D0C1853FD400051E619 /* Images */,
				47373CD41853FC030051E619 /* HHAppDelegate.h */,
				47373CD51853FC030051E619 /* HHAppDelegate.m */,
				47373CD71853FC030051E619 /* Main_iPhone.storyboard */,
				47373CDA1853FC030051E619 /* Main_iPad.storyboard */,
				47373CDD1853FC030051E619 /* HHMasterViewController.h */,
				47373CDE1853FC030051E619 /* HHMasterViewController.m */,
				47373CE01853FC030051E619 /* HHDetailViewController.h */,
				47373CE11853FC030051E619 /* HHDetailViewController.m */,
				47373CE31853FC030051E619 /* Images.xcassets */,
				47373CCC1853FC030051E619 /* Supporting Files */,
				47373D001853FC740051E619 /* HHSplashViewController.h */,
				47373D011853FC740051E619 /* HHSplashViewController.m */,
				47373D031853FCB80051E619 /* HHLoginViewController.h */,
				47373D041853FCB80051E619 /* HHLoginViewController.m */,
				47373D061853FCD80051E619 /* HHGoalViewController.h */,
				47373D071853FCD80051E619 /* HHGoalViewController.m */,
				47373D091853FCF50051E619 /* HHLearnViewController.h */,
				47373D0A1853FCF50051E619 /* HHLearnViewController.m */,
			);
			path = Helper;
			sourceTree = "<group>";
		};
		47373CCC1853FC030051E619 /* Supporting Files */ = {
			isa = PBXGroup;
			children = (
				47373CCD1853FC030051E619 /* Helper-Info.plist */,
				47373CCE1853FC030051E619 /* InfoPlist.strings */,
				47373CD11853FC030051E619 /* main.m */,
				47373CD31853FC030051E619 /* Helper-Prefix.pch */,
			);
			name = "Supporting Files";
			sourceTree = "<group>";
		};
		47373CF01853FC030051E619 /* HelperTests */ = {
			isa = PBXGroup;
			children = (
				47373CF61853FC030051E619 /* HelperTests.m */,
				47373CF11853FC030051E619 /* Supporting Files */,
			);
			path = HelperTests;
			sourceTree = "<group>";
		};
		47373CF11853FC030051E619 /* Supporting Files */ = {
			isa = PBXGroup;
			children = (
				47373CF21853FC030051E619 /* HelperTests-Info.plist */,
				47373CF31853FC030051E619 /* InfoPlist.strings */,
			);
			name = "Supporting Files";
			sourceTree = "<group>";
		};
		47373D0C1853FD400051E619 /* Images */ = {
			isa = PBXGroup;
			children = (
				47373D0D1853FD540051E619 /* TopNavBar.png */,
				47373D0E1853FD540051E619 /* Screen4BG.png */,
				47373D0F1853FD540051E619 /* HHSplash.png */,
				47373D101853FD540051E619 /* Screen2HelpQuestion.png */,
				47373D111853FD540051E619 /* HHLogo.png */,
				47373D121853FD540051E619 /* TwitterButton.png */,
				47373D131853FD540051E619 /* OrangeBackground.png */,
			);
			name = Images;
			sourceTree = "<group>";
		};
/* End PBXGroup section */

/* Begin PBXNativeTarget section */
		47373CC11853FC030051E619 /* Helper */ = {
			isa = PBXNativeTarget;
			buildConfigurationList = 47373CFA1853FC030051E619 /* Build configuration list for PBXNativeTarget "Helper" */;
			buildPhases = (
				47373CBE1853FC030051E619 /* Sources */,
				47373CBF1853FC030051E619 /* Frameworks */,
				47373CC01853FC030051E619 /* Resources */,
			);
			buildRules = (
			);
			dependencies = (
			);
			name = Helper;
			productName = Helper;
			productReference = 47373CC21853FC030051E619 /* Helper.app */;
			productType = "com.apple.product-type.application";
		};
		47373CE81853FC030051E619 /* HelperTests */ = {
			isa = PBXNativeTarget;
			buildConfigurationList = 47373CFD1853FC030051E619 /* Build configuration list for PBXNativeTarget "HelperTests" */;
			buildPhases = (
				47373CE51853FC030051E619 /* Sources */,
				47373CE61853FC030051E619 /* Frameworks */,
				47373CE71853FC030051E619 /* Resources */,
			);
			buildRules = (
			);
			dependencies = (
				47373CEF1853FC030051E619 /* PBXTargetDependency */,
			);
			name = HelperTests;
			productName = HelperTests;
			productReference = 47373CE91853FC030051E619 /* HelperTests.xctest */;
			productType = "com.apple.product-type.bundle.unit-test";
		};
/* End PBXNativeTarget section */

/* Begin PBXProject section */
		47373CBA1853FC030051E619 /* Project object */ = {
			isa = PBXProject;
			attributes = {
				CLASSPREFIX = HH;
				LastUpgradeCheck = 0500;
				ORGANIZATIONNAME = "Leah Dorner";
				TargetAttributes = {
					47373CE81853FC030051E619 = {
						TestTargetID = 47373CC11853FC030051E619;
					};
				};
			};
			buildConfigurationList = 47373CBD1853FC030051E619 /* Build configuration list for PBXProject "Helper" */;
			compatibilityVersion = "Xcode 3.2";
			developmentRegion = English;
			hasScannedForEncodings = 0;
			knownRegions = (
				en,
				Base,
			);
			mainGroup = 47373CB91853FC030051E619;
			productRefGroup = 47373CC31853FC030051E619 /* Products */;
			projectDirPath = "";
			projectRoot = "";
			targets = (
				47373CC11853FC030051E619 /* Helper */,
				47373CE81853FC030051E619 /* HelperTests */,
			);
		};
/* End PBXProject section */

/* Begin PBXResourcesBuildPhase section */
		47373CC01853FC030051E619 /* Resources */ = {
			isa = PBXResourcesBuildPhase;
			buildActionMask = 2147483647;
			files = (
				522E76201854031A001EAB28 /* BottomNavBar320.png in Resources */,
				522E76291854031A001EAB28 /* NewsCell.xib in Resources */,
				522E76221854031A001EAB28 /* HHIconforNewsFeed.png in Resources */,
				47373D1A1853FD540051E619 /* OrangeBackground.png in Resources */,
				47373CDC1853FC030051E619 /* Main_iPad.storyboard in Resources */,
				47373CE41853FC030051E619 /* Images.xcassets in Resources */,
				47373CD91853FC030051E619 /* Main_iPhone.storyboard in Resources */,
				47373D191853FD540051E619 /* TwitterButton.png in Resources */,
				522E75FA18540257001EAB28 /* Checked.png in Resources */,
				47373D151853FD540051E619 /* Screen4BG.png in Resources */,
				522E76211854031A001EAB28 /* HatLogo.png in Resources */,
				522E76251854031A001EAB28 /* JinyaIcon.png in Resources */,
				47373D141853FD540051E619 /* TopNavBar.png in Resources */,
				522E761D1854031A001EAB28 /* AnnouncementCell.xib in Resources */,
				522E762D1854031A001EAB28 /* TopNavBarRight.png in Resources */,
				522E76231854031A001EAB28 /* HHLogo.png in Resources */,
				522E760518540257001EAB28 /* NotebookTextItemCell.xib in Resources */,
				522E76241854031A001EAB28 /* HHSplash.png in Resources */,
				522E76271854031A001EAB28 /* ListVC.xib in Resources */,
				47373D171853FD540051E619 /* Screen2HelpQuestion.png in Resources */,
				522E762A1854031A001EAB28 /* NotebookIcon.png in Resources */,
				522E760218540257001EAB28 /* NotebookListVC.xib in Resources */,
				47373CD01853FC030051E619 /* InfoPlist.strings in Resources */,
				522E761F1854031A001EAB28 /* BottomNavBar.png in Resources */,
				522E75FE18540257001EAB28 /* NotebookList.xib in Resources */,
				522E762B1854031A001EAB28 /* TopNavBar.png in Resources */,
				522E75FB18540257001EAB28 /* MarketplaceIcon.png in Resources */,
				522E760618540257001EAB28 /* Unchecked.png in Resources */,
				522E761E1854031A001EAB28 /* BankIcon.png in Resources */,
				522E762C1854031A001EAB28 /* TopNavBarLeft.png in Resources */,
				47373D181853FD540051E619 /* HHLogo.png in Resources */,
				47373D161853FD540051E619 /* HHSplash.png in Resources */,
				522E75FD18540257001EAB28 /* NotebookImageItemCell.xib in Resources */,
			);
			runOnlyForDeploymentPostprocessing = 0;
		};
		47373CE71853FC030051E619 /* Resources */ = {
			isa = PBXResourcesBuildPhase;
			buildActionMask = 2147483647;
			files = (
				47373CF51853FC030051E619 /* InfoPlist.strings in Resources */,
			);
			runOnlyForDeploymentPostprocessing = 0;
		};
/* End PBXResourcesBuildPhase section */

/* Begin PBXSourcesBuildPhase section */
		47373CBE1853FC030051E619 /* Sources */ = {
			isa = PBXSourcesBuildPhase;
			buildActionMask = 2147483647;
			files = (
				47373D081853FCD80051E619 /* HHGoalViewController.m in Sources */,
				522E763018540389001EAB28 /* TaskItem.m in Sources */,
				47373D051853FCB80051E619 /* HHLoginViewController.m in Sources */,
				47373CD61853FC030051E619 /* HHAppDelegate.m in Sources */,
				522E760318540257001EAB28 /* NotebookTable.m in Sources */,
				522E760018540257001EAB28 /* NotebookListTableVC.m in Sources */,
				522E76281854031A001EAB28 /* NewsCell.m in Sources */,
				47373D0B1853FCF50051E619 /* HHLearnViewController.m in Sources */,
				47373D021853FC740051E619 /* HHSplashViewController.m in Sources */,
				522E75FF18540257001EAB28 /* NotebookListHeader.m in Sources */,
				522E76261854031A001EAB28 /* ListVC.m in Sources */,
				522E761C1854031A001EAB28 /* AnnouncementCell.m in Sources */,
				47373CE21853FC030051E619 /* HHDetailViewController.m in Sources */,
				47373CD21853FC030051E619 /* main.m in Sources */,
				522E760418540257001EAB28 /* NotebookTextItemCell.m in Sources */,
				522E760118540257001EAB28 /* NotebookListVC.m in Sources */,
				522E75FC18540257001EAB28 /* NotebookImageItemCell.m in Sources */,
				47373CDF1853FC030051E619 /* HHMasterViewController.m in Sources */,
			);
			runOnlyForDeploymentPostprocessing = 0;
		};
		47373CE51853FC030051E619 /* Sources */ = {
			isa = PBXSourcesBuildPhase;
			buildActionMask = 2147483647;
			files = (
				47373CF71853FC030051E619 /* HelperTests.m in Sources */,
			);
			runOnlyForDeploymentPostprocessing = 0;
		};
/* End PBXSourcesBuildPhase section */

/* Begin PBXTargetDependency section */
		47373CEF1853FC030051E619 /* PBXTargetDependency */ = {
			isa = PBXTargetDependency;
			target = 47373CC11853FC030051E619 /* Helper */;
			targetProxy = 47373CEE1853FC030051E619 /* PBXContainerItemProxy */;
		};
/* End PBXTargetDependency section */

/* Begin PBXVariantGroup section */
		47373CCE1853FC030051E619 /* InfoPlist.strings */ = {
			isa = PBXVariantGroup;
			children = (
				47373CCF1853FC030051E619 /* en */,
			);
			name = InfoPlist.strings;
			sourceTree = "<group>";
		};
		47373CD71853FC030051E619 /* Main_iPhone.storyboard */ = {
			isa = PBXVariantGroup;
			children = (
				47373CD81853FC030051E619 /* Base */,
			);
			name = Main_iPhone.storyboard;
			sourceTree = "<group>";
		};
		47373CDA1853FC030051E619 /* Main_iPad.storyboard */ = {
			isa = PBXVariantGroup;
			children = (
				47373CDB1853FC030051E619 /* Base */,
			);
			name = Main_iPad.storyboard;
			sourceTree = "<group>";
		};
		47373CF31853FC030051E619 /* InfoPlist.strings */ = {
			isa = PBXVariantGroup;
			children = (
				47373CF41853FC030051E619 /* en */,
			);
			name = InfoPlist.strings;
			sourceTree = "<group>";
		};
/* End PBXVariantGroup section */

/* Begin XCBuildConfiguration section */
		47373CF81853FC030051E619 /* Debug */ = {
			isa = XCBuildConfiguration;
			buildSettings = {
				ALWAYS_SEARCH_USER_PATHS = NO;
				ARCHS = "$(ARCHS_STANDARD_INCLUDING_64_BIT)";
				CLANG_CXX_LANGUAGE_STANDARD = "gnu++0x";
				CLANG_CXX_LIBRARY = "libc++";
				CLANG_ENABLE_MODULES = YES;
				CLANG_ENABLE_OBJC_ARC = YES;
				CLANG_WARN_BOOL_CONVERSION = YES;
				CLANG_WARN_CONSTANT_CONVERSION = YES;
				CLANG_WARN_DIRECT_OBJC_ISA_USAGE = YES_ERROR;
				CLANG_WARN_EMPTY_BODY = YES;
				CLANG_WARN_ENUM_CONVERSION = YES;
				CLANG_WARN_INT_CONVERSION = YES;
				CLANG_WARN_OBJC_ROOT_CLASS = YES_ERROR;
				CLANG_WARN__DUPLICATE_METHOD_MATCH = YES;
				"CODE_SIGN_IDENTITY[sdk=iphoneos*]" = "iPhone Developer";
				COPY_PHASE_STRIP = NO;
				GCC_C_LANGUAGE_STANDARD = gnu99;
				GCC_DYNAMIC_NO_PIC = NO;
				GCC_OPTIMIZATION_LEVEL = 0;
				GCC_PREPROCESSOR_DEFINITIONS = (
					"DEBUG=1",
					"$(inherited)",
				);
				GCC_SYMBOLS_PRIVATE_EXTERN = NO;
				GCC_WARN_64_TO_32_BIT_CONVERSION = YES;
				GCC_WARN_ABOUT_RETURN_TYPE = YES_ERROR;
				GCC_WARN_UNDECLARED_SELECTOR = YES;
				GCC_WARN_UNINITIALIZED_AUTOS = YES;
				GCC_WARN_UNUSED_FUNCTION = YES;
				GCC_WARN_UNUSED_VARIABLE = YES;
				IPHONEOS_DEPLOYMENT_TARGET = 7.0;
				ONLY_ACTIVE_ARCH = YES;
				SDKROOT = iphoneos;
				TARGETED_DEVICE_FAMILY = "1,2";
			};
			name = Debug;
		};
		47373CF91853FC030051E619 /* Release */ = {
			isa = XCBuildConfiguration;
			buildSettings = {
				ALWAYS_SEARCH_USER_PATHS = NO;
				ARCHS = "$(ARCHS_STANDARD_INCLUDING_64_BIT)";
				CLANG_CXX_LANGUAGE_STANDARD = "gnu++0x";
				CLANG_CXX_LIBRARY = "libc++";
				CLANG_ENABLE_MODULES = YES;
				CLANG_ENABLE_OBJC_ARC = YES;
				CLANG_WARN_BOOL_CONVERSION = YES;
				CLANG_WARN_CONSTANT_CONVERSION = YES;
				CLANG_WARN_DIRECT_OBJC_ISA_USAGE = YES_ERROR;
				CLANG_WARN_EMPTY_BODY = YES;
				CLANG_WARN_ENUM_CONVERSION = YES;
				CLANG_WARN_INT_CONVERSION = YES;
				CLANG_WARN_OBJC_ROOT_CLASS = YES_ERROR;
				CLANG_WARN__DUPLICATE_METHOD_MATCH = YES;
				"CODE_SIGN_IDENTITY[sdk=iphoneos*]" = "iPhone Developer";
				COPY_PHASE_STRIP = YES;
				ENABLE_NS_ASSERTIONS = NO;
				GCC_C_LANGUAGE_STANDARD = gnu99;
				GCC_WARN_64_TO_32_BIT_CONVERSION = YES;
				GCC_WARN_ABOUT_RETURN_TYPE = YES_ERROR;
				GCC_WARN_UNDECLARED_SELECTOR = YES;
				GCC_WARN_UNINITIALIZED_AUTOS = YES;
				GCC_WARN_UNUSED_FUNCTION = YES;
				GCC_WARN_UNUSED_VARIABLE = YES;
				IPHONEOS_DEPLOYMENT_TARGET = 7.0;
				SDKROOT = iphoneos;
				TARGETED_DEVICE_FAMILY = "1,2";
				VALIDATE_PRODUCT = YES;
			};
			name = Release;
		};
		47373CFB1853FC030051E619 /* Debug */ = {
			isa = XCBuildConfiguration;
			buildSettings = {
				ASSETCATALOG_COMPILER_APPICON_NAME = AppIcon;
				ASSETCATALOG_COMPILER_LAUNCHIMAGE_NAME = LaunchImage;
				GCC_PRECOMPILE_PREFIX_HEADER = YES;
				GCC_PREFIX_HEADER = "Helper/Helper-Prefix.pch";
				INFOPLIST_FILE = "Helper/Helper-Info.plist";
				PRODUCT_NAME = "$(TARGET_NAME)";
				WRAPPER_EXTENSION = app;
			};
			name = Debug;
		};
		47373CFC1853FC030051E619 /* Release */ = {
			isa = XCBuildConfiguration;
			buildSettings = {
				ASSETCATALOG_COMPILER_APPICON_NAME = AppIcon;
				ASSETCATALOG_COMPILER_LAUNCHIMAGE_NAME = LaunchImage;
				GCC_PRECOMPILE_PREFIX_HEADER = YES;
				GCC_PREFIX_HEADER = "Helper/Helper-Prefix.pch";
				INFOPLIST_FILE = "Helper/Helper-Info.plist";
				PRODUCT_NAME = "$(TARGET_NAME)";
				WRAPPER_EXTENSION = app;
			};
			name = Release;
		};
		47373CFE1853FC030051E619 /* Debug */ = {
			isa = XCBuildConfiguration;
			buildSettings = {
				ARCHS = "$(ARCHS_STANDARD_INCLUDING_64_BIT)";
				BUNDLE_LOADER = "$(BUILT_PRODUCTS_DIR)/Helper.app/Helper";
				FRAMEWORK_SEARCH_PATHS = (
					"$(SDKROOT)/Developer/Library/Frameworks",
					"$(inherited)",
					"$(DEVELOPER_FRAMEWORKS_DIR)",
				);
				GCC_PRECOMPILE_PREFIX_HEADER = YES;
				GCC_PREFIX_HEADER = "Helper/Helper-Prefix.pch";
				GCC_PREPROCESSOR_DEFINITIONS = (
					"DEBUG=1",
					"$(inherited)",
				);
				INFOPLIST_FILE = "HelperTests/HelperTests-Info.plist";
				PRODUCT_NAME = "$(TARGET_NAME)";
				TEST_HOST = "$(BUNDLE_LOADER)";
				WRAPPER_EXTENSION = xctest;
			};
			name = Debug;
		};
		47373CFF1853FC030051E619 /* Release */ = {
			isa = XCBuildConfiguration;
			buildSettings = {
				ARCHS = "$(ARCHS_STANDARD_INCLUDING_64_BIT)";
				BUNDLE_LOADER = "$(BUILT_PRODUCTS_DIR)/Helper.app/Helper";
				FRAMEWORK_SEARCH_PATHS = (
					"$(SDKROOT)/Developer/Library/Frameworks",
					"$(inherited)",
					"$(DEVELOPER_FRAMEWORKS_DIR)",
				);
				GCC_PRECOMPILE_PREFIX_HEADER = YES;
				GCC_PREFIX_HEADER = "Helper/Helper-Prefix.pch";
				INFOPLIST_FILE = "HelperTests/HelperTests-Info.plist";
				PRODUCT_NAME = "$(TARGET_NAME)";
				TEST_HOST = "$(BUNDLE_LOADER)";
				WRAPPER_EXTENSION = xctest;
			};
			name = Release;
		};
/* End XCBuildConfiguration section */

/* Begin XCConfigurationList section */
		47373CBD1853FC030051E619 /* Build configuration list for PBXProject "Helper" */ = {
			isa = XCConfigurationList;
			buildConfigurations = (
				47373CF81853FC030051E619 /* Debug */,
				47373CF91853FC030051E619 /* Release */,
			);
			defaultConfigurationIsVisible = 0;
			defaultConfigurationName = Release;
		};
		47373CFA1853FC030051E619 /* Build configuration list for PBXNativeTarget "Helper" */ = {
			isa = XCConfigurationList;
			buildConfigurations = (
				47373CFB1853FC030051E619 /* Debug */,
				47373CFC1853FC030051E619 /* Release */,
			);
			defaultConfigurationIsVisible = 0;
			defaultConfigurationName = Release;
		};
		47373CFD1853FC030051E619 /* Build configuration list for PBXNativeTarget "HelperTests" */ = {
			isa = XCConfigurationList;
			buildConfigurations = (
				47373CFE1853FC030051E619 /* Debug */,
				47373CFF1853FC030051E619 /* Release */,
			);
			defaultConfigurationIsVisible = 0;
			defaultConfigurationName = Release;
		};
/* End XCConfigurationList section */
	};
	rootObject = 47373CBA1853FC030051E619 /* Project object */;
}
